
Microsoft Visual Studio Solution File, Format Version 11.00
# Visual Studio 2010
Project("{FAE04EC0-301F-11D3-BF4B-00C04F79EFBC}") = "Art", "Assembly-CSharp.csproj", "{B767551F-7E7B-364A-8C16-28274D0DB544}"
EndProject
Project("{FAE04EC0-301F-11D3-BF4B-00C04F79EFBC}") = "Art", "Assembly-CSharp-Editor.csproj", "{D8E7E4E5-EF10-B14B-117A-EB388591F279}"
EndProject
Project("{978D7D6B-DE93-0F0F-A961-5627A15B2FC1}") = "Art", "Assembly-UnityScript-Editor-firstpass.unityproj", "{BB0CDD95-1AE7-D1EC-F991-F87B67C35BFB}"
EndProject
Global
	GlobalSection(SolutionConfigurationPlatforms) = preSolution
		Debug|Any CPU = Debug|Any CPU
		Release|Any CPU = Release|Any CPU
	EndGlobalSection
	GlobalSection(ProjectConfigurationPlatforms) = postSolution
		{B767551F-7E7B-364A-8C16-28274D0DB544}.Debug|Any CPU.ActiveCfg = Debug|Any CPU
		{B767551F-7E7B-364A-8C16-28274D0DB544}.Debug|Any CPU.Build.0 = Debug|Any CPU
		{B767551F-7E7B-364A-8C16-28274D0DB544}.Release|Any CPU.ActiveCfg = Release|Any CPU
		{B767551F-7E7B-364A-8C16-28274D0DB544}.Release|Any CPU.Build.0 = Release|Any CPU
		{D8E7E4E5-EF10-B14B-117A-EB388591F279}.Debug|Any CPU.ActiveCfg = Debug|Any CPU
		{D8E7E4E5-EF10-B14B-117A-EB388591F279}.Debug|Any CPU.Build.0 = Debug|Any CPU
		{D8E7E4E5-EF10-B14B-117A-EB388591F279}.Release|Any CPU.ActiveCfg = Release|Any CPU
		{D8E7E4E5-EF10-B14B-117A-EB388591F279}.Release|Any CPU.Build.0 = Release|Any CPU
		{BB0CDD95-1AE7-D1EC-F991-F87B67C35BFB}.Debug|Any CPU.ActiveCfg = Debug|Any CPU
		{BB0CDD95-1AE7-D1EC-F991-F87B67C35BFB}.Debug|Any CPU.Build.0 = Debug|Any CPU
		{BB0CDD95-1AE7-D1EC-F991-F87B67C35BFB}.Release|Any CPU.ActiveCfg = Release|Any CPU
		{BB0CDD95-1AE7-D1EC-F991-F87B67C35BFB}.Release|Any CPU.Build.0 = Release|Any CPU
	EndGlobalSection
	GlobalSection(SolutionProperties) = preSolution
		HideSolutionNode = FALSE
	EndGlobalSection
	GlobalSection(MonoDevelopProperties) = preSolution
		StartupItem = Assembly-CSharp.csproj
	EndGlobalSection
EndGlobal
